
Microsoft Visual Studio Solution File, Format Version 12.00
Project("{FAE04EC0-301F-11D3-BF4B-00C04F79EFBC}") = "Articulate.UI", "Articulate.UI\Articulate.UI.csproj", "{2DA8A923-42D1-4483-8804-515A28D90619}"
EndProject
Project("{FAE04EC0-301F-11D3-BF4B-00C04F79EFBC}") = "Articulate.Common", "Articulate.Common\Articulate.Common.csproj", "{B0EB0D27-2F34-4FEA-A23F-A444932D125A}"
EndProject
Global
	GlobalSection(SolutionConfigurationPlatforms) = preSolution
		Debug|Any CPU = Debug|Any CPU
		Release|Any CPU = Release|Any CPU
	EndGlobalSection
	GlobalSection(ProjectConfigurationPlatforms) = postSolution
		{2DA8A923-42D1-4483-8804-515A28D90619}.Debug|Any CPU.ActiveCfg = Debug|Any CPU
		{2DA8A923-42D1-4483-8804-515A28D90619}.Debug|Any CPU.Build.0 = Debug|Any CPU
		{2DA8A923-42D1-4483-8804-515A28D90619}.Release|Any CPU.ActiveCfg = Release|Any CPU
		{2DA8A923-42D1-4483-8804-515A28D90619}.Release|Any CPU.Build.0 = Release|Any CPU
		{B0EB0D27-2F34-4FEA-A23F-A444932D125A}.Debug|Any CPU.ActiveCfg = Debug|Any CPU
		{B0EB0D27-2F34-4FEA-A23F-A444932D125A}.Debug|Any CPU.Build.0 = Debug|Any CPU
		{B0EB0D27-2F34-4FEA-A23F-A444932D125A}.Release|Any CPU.ActiveCfg = Release|Any CPU
		{B0EB0D27-2F34-4FEA-A23F-A444932D125A}.Release|Any CPU.Build.0 = Release|Any CPU
	EndGlobalSection
EndGlobal
